{
  "lockfile_version": "1",
  "packages": {
    "github:NixOS/nixpkgs/nixpkgs-unstable": {
      "last_modified": "2026-03-23T13:48:00Z",
      "resolved": "github:NixOS/nixpkgs/fdc7b8f7b30fdbedec91b71ed82f36e1637483ed?lastModified=1774273680&narHash=sha256-a%2B%2BtZ1RQsDb1I0NHrFwdGuRlR5TORvCEUksM459wKUA%3D"
    },
    "shellcheck@latest": {
      "last_modified": "2026-03-21T07:29:51Z",
      "resolved": "github:NixOS/nixpkgs/09061f748ee21f68a089cd5d91ec1859cd93d0be#shellcheck",
      "source": "devbox-search",
      "version": "0.11.0",
      "systems": {
        "aarch64-darwin": {
          "outputs": [
            {
              "name": "bin",
              "path": "/nix/store/c4s18v7xr8rl74yx7p3pnqciy1801yz3-shellcheck-0.11.0-bin",
              "default": true
            },
            {
              "name": "man",
              "path": "/nix/store/wzdzk66ghpwr5xkrzf369vnfwzqyz4d9-shellcheck-0.11.0-man",
              "default": true
            },
            {
              "name": "doc",
              "path": "/nix/store/fr6j2dcg92h5b5frfzqp00rqlk600g4b-shellcheck-0.11.0-doc",
              "default": true
            },
            {
              "name": "out",
              "path": "/nix/store/8lf356irnq31q3061847hap11pr8w4z5-shellcheck-0.11.0"
            }
          ],
          "store_path": "/nix/store/c4s18v7xr8rl74yx7p3pnqciy1801yz3-shellcheck-0.11.0-bin"
        },
        "aarch64-linux": {
          "outputs": [
            {
              "name": "bin",
              "path": "/nix/store/bk0vqy5k73b33pw1v14h36ggryw58xv7-shellcheck-0.11.0-bin",
              "default": true
            },
            {
              "name": "man",
              "path": "/nix/store/ak8np2nraqbca7aswb196dqs668ihsry-shellcheck-0.11.0-man",
              "default": true
            },
            {
              "name": "doc",
              "path": "/nix/store/m0wpbhrx3530lxxf97agz29zgm3gshrd-shellcheck-0.11.0-doc",
              "default": true
            },
            {
              "name": "out",
              "path": "/nix/store/ghcxwch9q3fazz3mz9rbrsyzq422jfyc-shellcheck-0.11.0"
            }
          ],
          "store_path": "/nix/store/bk0vqy5k73b33pw1v14h36ggryw58xv7-shellcheck-0.11.0-bin"
        },
        "x86_64-darwin": {
          "outputs": [
            {
              "name": "bin",
              "path": "/nix/store/hrq9smvqn6nhvzb6v8jm2qi6mfaz26n3-shellcheck-0.11.0-bin",
              "default": true
            },
            {
              "name": "man",
              "path": "/nix/store/yy2a66a0gx9rbpzzpiv588qq9hrp2zfg-shellcheck-0.11.0-man",
              "default": true
            },
            {
              "name": "doc",
              "path": "/nix/store/zxmfv53f8shixj8ii95hsdcmnj6qi3ss-shellcheck-0.11.0-doc",
              "default": true
            },
            {
              "name": "out",
              "path": "/nix/store/a8yvpksra9j6z9bzvw81bbm73211v5nj-shellcheck-0.11.0"
            }
          ],
          "store_path": "/nix/store/hrq9smvqn6nhvzb6v8jm2qi6mfaz26n3-shellcheck-0.11.0-bin"
        },
        "x86_64-linux": {
          "outputs": [
            {
              "name": "bin",
              "path": "/nix/store/iszqxdn46psh4crvly6zp7wrp00p3lw5-shellcheck-0.11.0-bin",
              "default": true
            },
            {
              "name": "man",
              "path": "/nix/store/srqizsdkqrly5idxqb06qhx6x9fm9r6s-shellcheck-0.11.0-man",
              "default": true
            },
            {
              "name": "doc",
              "path": "/nix/store/h1ggss2gsrd5xq1yi45ww56yab1lzsif-shellcheck-0.11.0-doc",
              "default": true
            },
            {
              "name": "out",
              "path": "/nix/store/mjdmyvxyv3pvk542rz8a3bcjm0q1rysx-shellcheck-0.11.0"
            }
          ],
          "store_path": "/nix/store/iszqxdn46psh4crvly6zp7wrp00p3lw5-shellcheck-0.11.0-bin"
        }
      }
    },
    "vagrant@latest": {
      "last_modified": "2026-04-07T01:34:01Z",
      "resolved": "github:NixOS/nixpkgs/dc72a9d2282085d97d5a2cc8e7103a68ed4de188#vagrant",
      "source": "devbox-search",
      "version": "2.4.9",
      "systems": {
        "aarch64-darwin": {
          "outputs": [
            {
              "name": "out",
              "path": "/nix/store/nfa6albggnl5h052z4mb49k2c5a8gkaq-vagrant-2.4.9",
              "default": true
            }
          ],
          "store_path": "/nix/store/nfa6albggnl5h052z4mb49k2c5a8gkaq-vagrant-2.4.9"
        },
        "aarch64-linux": {
          "outputs": [
            {
              "name": "out",
              "path": "/nix/store/jv5g4qwcj50rm53javbks9cpjnzzs4qa-vagrant-2.4.9",
              "default": true
            }
          ],
          "store_path": "/nix/store/jv5g4qwcj50rm53javbks9cpjnzzs4qa-vagrant-2.4.9"
        },
        "x86_64-darwin": {
          "outputs": [
            {
              "name": "out",
              "path": "/nix/store/kmn0yd10gfifyhihmqbqj6dqwh2bx01q-vagrant-2.4.9",
              "default": true
            }
          ],
          "store_path": "/nix/store/kmn0yd10gfifyhihmqbqj6dqwh2bx01q-vagrant-2.4.9"
        },
        "x86_64-linux": {
          "outputs": [
            {
              "name": "out",
              "path": "/nix/store/pzqh4pkn1ccbwli1zzndsdw8pj0igwbf-vagrant-2.4.9",
              "default": true
            }
          ],
          "store_path": "/nix/store/pzqh4pkn1ccbwli1zzndsdw8pj0igwbf-vagrant-2.4.9"
        }
      }
    }
  }
}
